
Microsoft Visual Studio Solution File, Format Version 12.00
# Visual Studio Version 16
VisualStudioVersion = 16.0.29215.179
MinimumVisualStudioVersion = 10.0.40219.1
Project("{9A19103F-16F7-4668-BE54-9A1E7A4F7556}") = "PartyInvites", "PartyInvites\PartyInvites.csproj", "{F161BB71-C802-4C11-82F8-6714A93BD4EE}"
EndProject
Global
	GlobalSection(SolutionConfigurationPlatforms) = preSolution
		Debug|Any CPU = Debug|Any CPU
		Release|Any CPU = Release|Any CPU
	EndGlobalSection
	GlobalSection(ProjectConfigurationPlatforms) = postSolution
		{F161BB71-C802-4C11-82F8-6714A93BD4EE}.Debug|Any CPU.ActiveCfg = Debug|Any CPU
		{F161BB71-C802-4C11-82F8-6714A93BD4EE}.Debug|Any CPU.Build.0 = Debug|Any CPU
		{F161BB71-C802-4C11-82F8-6714A93BD4EE}.Release|Any CPU.ActiveCfg = Release|Any CPU
		{F161BB71-C802-4C11-82F8-6714A93BD4EE}.Release|Any CPU.Build.0 = Release|Any CPU
	EndGlobalSection
	GlobalSection(SolutionProperties) = preSolution
		HideSolutionNode = FALSE
	EndGlobalSection
	GlobalSection(ExtensibilityGlobals) = postSolution
		SolutionGuid = {B9AED19D-1E7A-4BF0-BA15-2D04C42DCEA0}
	EndGlobalSection
EndGlobal
